// !$*UTF8*$!
{
	archiveVersion = 1;
	classes = {
	};
	objectVersion = 55;
	objects = {

/* Begin PBXBuildFile section */
		7683BB13293436270054B3FA /* PostByUser.swift in Sources */ = {isa = PBXBuildFile; fileRef = 7683BB12293436270054B3FA /* PostByUser.swift */; };
		768E7C142933B76B007ACBF6 /* PersistenceData.swift in Sources */ = {isa = PBXBuildFile; fileRef = 768E7C132933B76B007ACBF6 /* PersistenceData.swift */; };
		768E7C172933BC47007ACBF6 /* APIError.swift in Sources */ = {isa = PBXBuildFile; fileRef = 768E7C162933BC47007ACBF6 /* APIError.swift */; };
		768E7C192933BC59007ACBF6 /* APIData.swift in Sources */ = {isa = PBXBuildFile; fileRef = 768E7C182933BC59007ACBF6 /* APIData.swift */; };
		768E7C1B2933BC7C007ACBF6 /* APIBuild.swift in Sources */ = {isa = PBXBuildFile; fileRef = 768E7C1A2933BC7C007ACBF6 /* APIBuild.swift */; };
		768E7C1D2933BC98007ACBF6 /* APIClient.swift in Sources */ = {isa = PBXBuildFile; fileRef = 768E7C1C2933BC98007ACBF6 /* APIClient.swift */; };
		768E7C202933BD37007ACBF6 /* Post.swift in Sources */ = {isa = PBXBuildFile; fileRef = 768E7C1F2933BD37007ACBF6 /* Post.swift */; };
		768E7C232933C15A007ACBF6 /* PostDataViewModel.swift in Sources */ = {isa = PBXBuildFile; fileRef = 768E7C222933C15A007ACBF6 /* PostDataViewModel.swift */; };
		768E7C272933C1F8007ACBF6 /* ExtensionDecodable.swift in Sources */ = {isa = PBXBuildFile; fileRef = 768E7C262933C1F8007ACBF6 /* ExtensionDecodable.swift */; };
		76E73E692932E72300CCCC86 /* AppDelegate.swift in Sources */ = {isa = PBXBuildFile; fileRef = 76E73E682932E72300CCCC86 /* AppDelegate.swift */; };
		76E73E6B2932E72300CCCC86 /* SceneDelegate.swift in Sources */ = {isa = PBXBuildFile; fileRef = 76E73E6A2932E72300CCCC86 /* SceneDelegate.swift */; };
		76E73E6D2932E72300CCCC86 /* ListPostViewController.swift in Sources */ = {isa = PBXBuildFile; fileRef = 76E73E6C2932E72300CCCC86 /* ListPostViewController.swift */; };
		76E73E702932E72300CCCC86 /* Main.storyboard in Resources */ = {isa = PBXBuildFile; fileRef = 76E73E6E2932E72300CCCC86 /* Main.storyboard */; };
		76E73E722932E72400CCCC86 /* Assets.xcassets in Resources */ = {isa = PBXBuildFile; fileRef = 76E73E712932E72400CCCC86 /* Assets.xcassets */; };
		76E73E752932E72400CCCC86 /* LaunchScreen.storyboard in Resources */ = {isa = PBXBuildFile; fileRef = 76E73E732932E72400CCCC86 /* LaunchScreen.storyboard */; };
		76E73E842932F5B600CCCC86 /* PostViewController.swift in Sources */ = {isa = PBXBuildFile; fileRef = 76E73E832932F5B600CCCC86 /* PostViewController.swift */; };
		76E73E862932F6AD00CCCC86 /* Constants.swift in Sources */ = {isa = PBXBuildFile; fileRef = 76E73E852932F6AD00CCCC86 /* Constants.swift */; };
		786612212785B2E20D4440A7 /* Pods_challenge_zemoga.framework in Frameworks */ = {isa = PBXBuildFile; fileRef = 6B866F4E936204DD46E577CE /* Pods_challenge_zemoga.framework */; };
/* End PBXBuildFile section */

/* Begin PBXFileReference section */
		3BC17C0EA613D791EC2C062C /* Pods-challenge-zemoga.debug.xcconfig */ = {isa = PBXFileReference; includeInIndex = 1; lastKnownFileType = text.xcconfig; name = "Pods-challenge-zemoga.debug.xcconfig"; path = "Target Support Files/Pods-challenge-zemoga/Pods-challenge-zemoga.debug.xcconfig"; sourceTree = "<group>"; };
		69D09C33EB7DCC03A51C7351 /* Pods-challenge-zemoga.release.xcconfig */ = {isa = PBXFileReference; includeInIndex = 1; lastKnownFileType = text.xcconfig; name = "Pods-challenge-zemoga.release.xcconfig"; path = "Target Support Files/Pods-challenge-zemoga/Pods-challenge-zemoga.release.xcconfig"; sourceTree = "<group>"; };
		6B866F4E936204DD46E577CE /* Pods_challenge_zemoga.framework */ = {isa = PBXFileReference; explicitFileType = wrapper.framework; includeInIndex = 0; path = Pods_challenge_zemoga.framework; sourceTree = BUILT_PRODUCTS_DIR; };
		7683BB12293436270054B3FA /* PostByUser.swift */ = {isa = PBXFileReference; lastKnownFileType = sourcecode.swift; path = PostByUser.swift; sourceTree = "<group>"; };
		768E7C132933B76B007ACBF6 /* PersistenceData.swift */ = {isa = PBXFileReference; lastKnownFileType = sourcecode.swift; path = PersistenceData.swift; sourceTree = "<group>"; };
		768E7C162933BC47007ACBF6 /* APIError.swift */ = {isa = PBXFileReference; lastKnownFileType = sourcecode.swift; path = APIError.swift; sourceTree = "<group>"; };
		768E7C182933BC59007ACBF6 /* APIData.swift */ = {isa = PBXFileReference; lastKnownFileType = sourcecode.swift; path = APIData.swift; sourceTree = "<group>"; };
		768E7C1A2933BC7C007ACBF6 /* APIBuild.swift */ = {isa = PBXFileReference; lastKnownFileType = sourcecode.swift; path = APIBuild.swift; sourceTree = "<group>"; };
		768E7C1C2933BC98007ACBF6 /* APIClient.swift */ = {isa = PBXFileReference; lastKnownFileType = sourcecode.swift; path = APIClient.swift; sourceTree = "<group>"; };
		768E7C1F2933BD37007ACBF6 /* Post.swift */ = {isa = PBXFileReference; lastKnownFileType = sourcecode.swift; path = Post.swift; sourceTree = "<group>"; };
		768E7C222933C15A007ACBF6 /* PostDataViewModel.swift */ = {isa = PBXFileReference; lastKnownFileType = sourcecode.swift; path = PostDataViewModel.swift; sourceTree = "<group>"; };
		768E7C262933C1F8007ACBF6 /* ExtensionDecodable.swift */ = {isa = PBXFileReference; lastKnownFileType = sourcecode.swift; path = ExtensionDecodable.swift; sourceTree = "<group>"; };
		76E73E652932E72300CCCC86 /* challenge-zemoga.app */ = {isa = PBXFileReference; explicitFileType = wrapper.application; includeInIndex = 0; path = "challenge-zemoga.app"; sourceTree = BUILT_PRODUCTS_DIR; };
		76E73E682932E72300CCCC86 /* AppDelegate.swift */ = {isa = PBXFileReference; lastKnownFileType = sourcecode.swift; path = AppDelegate.swift; sourceTree = "<group>"; };
		76E73E6A2932E72300CCCC86 /* SceneDelegate.swift */ = {isa = PBXFileReference; lastKnownFileType = sourcecode.swift; path = SceneDelegate.swift; sourceTree = "<group>"; };
		76E73E6C2932E72300CCCC86 /* ListPostViewController.swift */ = {isa = PBXFileReference; lastKnownFileType = sourcecode.swift; path = ListPostViewController.swift; sourceTree = "<group>"; };
		76E73E6F2932E72300CCCC86 /* Base */ = {isa = PBXFileReference; lastKnownFileType = file.storyboard; name = Base; path = Base.lproj/Main.storyboard; sourceTree = "<group>"; };
		76E73E712932E72400CCCC86 /* Assets.xcassets */ = {isa = PBXFileReference; lastKnownFileType = folder.assetcatalog; path = Assets.xcassets; sourceTree = "<group>"; };
		76E73E742932E72400CCCC86 /* Base */ = {isa = PBXFileReference; lastKnownFileType = file.storyboard; name = Base; path = Base.lproj/LaunchScreen.storyboard; sourceTree = "<group>"; };
		76E73E762932E72400CCCC86 /* Info.plist */ = {isa = PBXFileReference; lastKnownFileType = text.plist.xml; path = Info.plist; sourceTree = "<group>"; };
		76E73E832932F5B600CCCC86 /* PostViewController.swift */ = {isa = PBXFileReference; lastKnownFileType = sourcecode.swift; path = PostViewController.swift; sourceTree = "<group>"; };
		76E73E852932F6AD00CCCC86 /* Constants.swift */ = {isa = PBXFileReference; lastKnownFileType = sourcecode.swift; path = Constants.swift; sourceTree = "<group>"; };
/* End PBXFileReference section */

/* Begin PBXFrameworksBuildPhase section */
		76E73E622932E72300CCCC86 /* Frameworks */ = {
			isa = PBXFrameworksBuildPhase;
			buildActionMask = 2147483647;
			files = (
				786612212785B2E20D4440A7 /* Pods_challenge_zemoga.framework in Frameworks */,
			);
			runOnlyForDeploymentPostprocessing = 0;
		};
/* End PBXFrameworksBuildPhase section */

/* Begin PBXGroup section */
		768E7C0E2933AA61007ACBF6 /* Utils */ = {
			isa = PBXGroup;
			children = (
				768E7C252933C1E9007ACBF6 /* Extension */,
				768E7C242933C18E007ACBF6 /* Constants */,
				76E73E712932E72400CCCC86 /* Assets.xcassets */,
			);
			path = Utils;
			sourceTree = "<group>";
		};
		768E7C0F2933AA82007ACBF6 /* Launch */ = {
			isa = PBXGroup;
			children = (
				76E73E732932E72400CCCC86 /* LaunchScreen.storyboard */,
			);
			path = Launch;
			sourceTree = "<group>";
		};
		768E7C102933B6BC007ACBF6 /* Core */ = {
			isa = PBXGroup;
			children = (
				76E73E682932E72300CCCC86 /* AppDelegate.swift */,
				76E73E6A2932E72300CCCC86 /* SceneDelegate.swift */,
			);
			path = Core;
			sourceTree = "<group>";
		};
		768E7C112933B752007ACBF6 /* Data */ = {
			isa = PBXGroup;
			children = (
				768E7C1E2933BD29007ACBF6 /* Models */,
				768E7C122933B757007ACBF6 /* Persistence */,
			);
			path = Data;
			sourceTree = "<group>";
		};
		768E7C122933B757007ACBF6 /* Persistence */ = {
			isa = PBXGroup;
			children = (
				768E7C132933B76B007ACBF6 /* PersistenceData.swift */,
			);
			path = Persistence;
			sourceTree = "<group>";
		};
		768E7C152933BC31007ACBF6 /* Services */ = {
			isa = PBXGroup;
			children = (
				768E7C162933BC47007ACBF6 /* APIError.swift */,
				768E7C182933BC59007ACBF6 /* APIData.swift */,
				768E7C1A2933BC7C007ACBF6 /* APIBuild.swift */,
				768E7C1C2933BC98007ACBF6 /* APIClient.swift */,
			);
			path = Services;
			sourceTree = "<group>";
		};
		768E7C1E2933BD29007ACBF6 /* Models */ = {
			isa = PBXGroup;
			children = (
				768E7C1F2933BD37007ACBF6 /* Post.swift */,
				7683BB12293436270054B3FA /* PostByUser.swift */,
			);
			path = Models;
			sourceTree = "<group>";
		};
		768E7C212933C134007ACBF6 /* ViewModel */ = {
			isa = PBXGroup;
			children = (
				768E7C222933C15A007ACBF6 /* PostDataViewModel.swift */,
			);
			path = ViewModel;
			sourceTree = "<group>";
		};
		768E7C242933C18E007ACBF6 /* Constants */ = {
			isa = PBXGroup;
			children = (
				76E73E852932F6AD00CCCC86 /* Constants.swift */,
			);
			path = Constants;
			sourceTree = "<group>";
		};
		768E7C252933C1E9007ACBF6 /* Extension */ = {
			isa = PBXGroup;
			children = (
				768E7C262933C1F8007ACBF6 /* ExtensionDecodable.swift */,
			);
			path = Extension;
			sourceTree = "<group>";
		};
		76E73E5C2932E72300CCCC86 = {
			isa = PBXGroup;
			children = (
				76E73E672932E72300CCCC86 /* challenge-zemoga */,
				76E73E662932E72300CCCC86 /* Products */,
				B080B1DB62E500EB1B673191 /* Pods */,
				AFA5FB36FEC7E6D039973FC1 /* Frameworks */,
			);
			sourceTree = "<group>";
		};
		76E73E662932E72300CCCC86 /* Products */ = {
			isa = PBXGroup;
			children = (
				76E73E652932E72300CCCC86 /* challenge-zemoga.app */,
			);
			name = Products;
			sourceTree = "<group>";
		};
		76E73E672932E72300CCCC86 /* challenge-zemoga */ = {
			isa = PBXGroup;
			children = (
				768E7C102933B6BC007ACBF6 /* Core */,
				768E7C112933B752007ACBF6 /* Data */,
				768E7C152933BC31007ACBF6 /* Services */,
				76E73E7C2932E84D00CCCC86 /* View */,
				768E7C212933C134007ACBF6 /* ViewModel */,
				768E7C0E2933AA61007ACBF6 /* Utils */,
				76E73E762932E72400CCCC86 /* Info.plist */,
			);
			path = "challenge-zemoga";
			sourceTree = "<group>";
		};
		76E73E7C2932E84D00CCCC86 /* View */ = {
			isa = PBXGroup;
			children = (
				768E7C0F2933AA82007ACBF6 /* Launch */,
				76E73E7D2932E89200CCCC86 /* ListPost */,
				76E73E7E2932E89E00CCCC86 /* DetailPost */,
			);
			path = View;
			sourceTree = "<group>";
		};
		76E73E7D2932E89200CCCC86 /* ListPost */ = {
			isa = PBXGroup;
			children = (
				76E73E6C2932E72300CCCC86 /* ListPostViewController.swift */,
				76E73E6E2932E72300CCCC86 /* Main.storyboard */,
			);
			path = ListPost;
			sourceTree = "<group>";
		};
		76E73E7E2932E89E00CCCC86 /* DetailPost */ = {
			isa = PBXGroup;
			children = (
				76E73E832932F5B600CCCC86 /* PostViewController.swift */,
			);
			path = DetailPost;
			sourceTree = "<group>";
		};
		AFA5FB36FEC7E6D039973FC1 /* Frameworks */ = {
			isa = PBXGroup;
			children = (
				6B866F4E936204DD46E577CE /* Pods_challenge_zemoga.framework */,
			);
			name = Frameworks;
			sourceTree = "<group>";
		};
		B080B1DB62E500EB1B673191 /* Pods */ = {
			isa = PBXGroup;
			children = (
				3BC17C0EA613D791EC2C062C /* Pods-challenge-zemoga.debug.xcconfig */,
				69D09C33EB7DCC03A51C7351 /* Pods-challenge-zemoga.release.xcconfig */,
			);
			path = Pods;
			sourceTree = "<group>";
		};
/* End PBXGroup section */

/* Begin PBXNativeTarget section */
		76E73E642932E72300CCCC86 /* challenge-zemoga */ = {
			isa = PBXNativeTarget;
			buildConfigurationList = 76E73E792932E72400CCCC86 /* Build configuration list for PBXNativeTarget "challenge-zemoga" */;
			buildPhases = (
				035011004A999CDC8788D5C9 /* [CP] Check Pods Manifest.lock */,
				76E73E612932E72300CCCC86 /* Sources */,
				76E73E622932E72300CCCC86 /* Frameworks */,
				76E73E632932E72300CCCC86 /* Resources */,
				DDF286EE0AB60D899A1EDFE6 /* [CP] Embed Pods Frameworks */,
			);
			buildRules = (
			);
			dependencies = (
			);
			name = "challenge-zemoga";
			productName = "challenge-zemoga";
			productReference = 76E73E652932E72300CCCC86 /* challenge-zemoga.app */;
			productType = "com.apple.product-type.application";
		};
/* End PBXNativeTarget section */

/* Begin PBXProject section */
		76E73E5D2932E72300CCCC86 /* Project object */ = {
			isa = PBXProject;
			attributes = {
				BuildIndependentTargetsInParallel = 1;
				LastSwiftUpdateCheck = 1330;
				LastUpgradeCheck = 1330;
				TargetAttributes = {
					76E73E642932E72300CCCC86 = {
						CreatedOnToolsVersion = 13.3.1;
					};
				};
			};
			buildConfigurationList = 76E73E602932E72300CCCC86 /* Build configuration list for PBXProject "challenge-zemoga" */;
			compatibilityVersion = "Xcode 13.0";
			developmentRegion = en;
			hasScannedForEncodings = 0;
			knownRegions = (
				en,
				Base,
			);
			mainGroup = 76E73E5C2932E72300CCCC86;
			productRefGroup = 76E73E662932E72300CCCC86 /* Products */;
			projectDirPath = "";
			projectRoot = "";
			targets = (
				76E73E642932E72300CCCC86 /* challenge-zemoga */,
			);
		};
/* End PBXProject section */

/* Begin PBXResourcesBuildPhase section */
		76E73E632932E72300CCCC86 /* Resources */ = {
			isa = PBXResourcesBuildPhase;
			buildActionMask = 2147483647;
			files = (
				76E73E752932E72400CCCC86 /* LaunchScreen.storyboard in Resources */,
				76E73E722932E72400CCCC86 /* Assets.xcassets in Resources */,
				76E73E702932E72300CCCC86 /* Main.storyboard in Resources */,
			);
			runOnlyForDeploymentPostprocessing = 0;
		};
/* End PBXResourcesBuildPhase section */

/* Begin PBXShellScriptBuildPhase section */
		035011004A999CDC8788D5C9 /* [CP] Check Pods Manifest.lock */ = {
			isa = PBXShellScriptBuildPhase;
			buildActionMask = 2147483647;
			files = (
			);
			inputFileListPaths = (
			);
			inputPaths = (
				"${PODS_PODFILE_DIR_PATH}/Podfile.lock",
				"${PODS_ROOT}/Manifest.lock",
			);
			name = "[CP] Check Pods Manifest.lock";
			outputFileListPaths = (
			);
			outputPaths = (
				"$(DERIVED_FILE_DIR)/Pods-challenge-zemoga-checkManifestLockResult.txt",
			);
			runOnlyForDeploymentPostprocessing = 0;
			shellPath = /bin/sh;
			shellScript = "diff \"${PODS_PODFILE_DIR_PATH}/Podfile.lock\" \"${PODS_ROOT}/Manifest.lock\" > /dev/null\nif [ $? != 0 ] ; then\n    # print error to STDERR\n    echo \"error: The sandbox is not in sync with the Podfile.lock. Run 'pod install' or update your CocoaPods installation.\" >&2\n    exit 1\nfi\n# This output is used by Xcode 'outputs' to avoid re-running this script phase.\necho \"SUCCESS\" > \"${SCRIPT_OUTPUT_FILE_0}\"\n";
			showEnvVarsInLog = 0;
		};
		DDF286EE0AB60D899A1EDFE6 /* [CP] Embed Pods Frameworks */ = {
			isa = PBXShellScriptBuildPhase;
			buildActionMask = 2147483647;
			files = (
			);
			inputFileListPaths = (
				"${PODS_ROOT}/Target Support Files/Pods-challenge-zemoga/Pods-challenge-zemoga-frameworks-${CONFIGURATION}-input-files.xcfilelist",
			);
			name = "[CP] Embed Pods Frameworks";
			outputFileListPaths = (
				"${PODS_ROOT}/Target Support Files/Pods-challenge-zemoga/Pods-challenge-zemoga-frameworks-${CONFIGURATION}-output-files.xcfilelist",
			);
			runOnlyForDeploymentPostprocessing = 0;
			shellPath = /bin/sh;
			shellScript = "\"${PODS_ROOT}/Target Support Files/Pods-challenge-zemoga/Pods-challenge-zemoga-frameworks.sh\"\n";
			showEnvVarsInLog = 0;
		};
/* End PBXShellScriptBuildPhase section */

/* Begin PBXSourcesBuildPhase section */
		76E73E612932E72300CCCC86 /* Sources */ = {
			isa = PBXSourcesBuildPhase;
			buildActionMask = 2147483647;
			files = (
				768E7C272933C1F8007ACBF6 /* ExtensionDecodable.swift in Sources */,
				76E73E842932F5B600CCCC86 /* PostViewController.swift in Sources */,
				76E73E6D2932E72300CCCC86 /* ListPostViewController.swift in Sources */,
				76E73E692932E72300CCCC86 /* AppDelegate.swift in Sources */,
				768E7C202933BD37007ACBF6 /* Post.swift in Sources */,
				76E73E862932F6AD00CCCC86 /* Constants.swift in Sources */,
				76E73E6B2932E72300CCCC86 /* SceneDelegate.swift in Sources */,
				768E7C142933B76B007ACBF6 /* PersistenceData.swift in Sources */,
				768E7C192933BC59007ACBF6 /* APIData.swift in Sources */,
				7683BB13293436270054B3FA /* PostByUser.swift in Sources */,
				768E7C1B2933BC7C007ACBF6 /* APIBuild.swift in Sources */,
				768E7C172933BC47007ACBF6 /* APIError.swift in Sources */,
				768E7C232933C15A007ACBF6 /* PostDataViewModel.swift in Sources */,
				768E7C1D2933BC98007ACBF6 /* APIClient.swift in Sources */,
			);
			runOnlyForDeploymentPostprocessing = 0;
		};
/* End PBXSourcesBuildPhase section */

/* Begin PBXVariantGroup section */
		76E73E6E2932E72300CCCC86 /* Main.storyboard */ = {
			isa = PBXVariantGroup;
			children = (
				76E73E6F2932E72300CCCC86 /* Base */,
			);
			name = Main.storyboard;
			sourceTree = "<group>";
		};
		76E73E732932E72400CCCC86 /* LaunchScreen.storyboard */ = {
			isa = PBXVariantGroup;
			children = (
				76E73E742932E72400CCCC86 /* Base */,
			);
			name = LaunchScreen.storyboard;
			sourceTree = "<group>";
		};
/* End PBXVariantGroup section */

/* Begin XCBuildConfiguration section */
		76E73E772932E72400CCCC86 /* Debug */ = {
			isa = XCBuildConfiguration;
			buildSettings = {
				ALWAYS_SEARCH_USER_PATHS = NO;
				CLANG_ANALYZER_NONNULL = YES;
				CLANG_ANALYZER_NUMBER_OBJECT_CONVERSION = YES_AGGRESSIVE;
				CLANG_CXX_LANGUAGE_STANDARD = "gnu++17";
				CLANG_ENABLE_MODULES = YES;
				CLANG_ENABLE_OBJC_ARC = YES;
				CLANG_ENABLE_OBJC_WEAK = YES;
				CLANG_WARN_BLOCK_CAPTURE_AUTORELEASING = YES;
				CLANG_WARN_BOOL_CONVERSION = YES;
				CLANG_WARN_COMMA = YES;
				CLANG_WARN_CONSTANT_CONVERSION = YES;
				CLANG_WARN_DEPRECATED_OBJC_IMPLEMENTATIONS = YES;
				CLANG_WARN_DIRECT_OBJC_ISA_USAGE = YES_ERROR;
				CLANG_WARN_DOCUMENTATION_COMMENTS = YES;
				CLANG_WARN_EMPTY_BODY = YES;
				CLANG_WARN_ENUM_CONVERSION = YES;
				CLANG_WARN_INFINITE_RECURSION = YES;
				CLANG_WARN_INT_CONVERSION = YES;
				CLANG_WARN_NON_LITERAL_NULL_CONVERSION = YES;
				CLANG_WARN_OBJC_IMPLICIT_RETAIN_SELF = YES;
				CLANG_WARN_OBJC_LITERAL_CONVERSION = YES;
				CLANG_WARN_OBJC_ROOT_CLASS = YES_ERROR;
				CLANG_WARN_QUOTED_INCLUDE_IN_FRAMEWORK_HEADER = YES;
				CLANG_WARN_RANGE_LOOP_ANALYSIS = YES;
				CLANG_WARN_STRICT_PROTOTYPES = YES;
				CLANG_WARN_SUSPICIOUS_MOVE = YES;
				CLANG_WARN_UNGUARDED_AVAILABILITY = YES_AGGRESSIVE;
				CLANG_WARN_UNREACHABLE_CODE = YES;
				CLANG_WARN__DUPLICATE_METHOD_MATCH = YES;
				COPY_PHASE_STRIP = NO;
				DEBUG_INFORMATION_FORMAT = dwarf;
				ENABLE_STRICT_OBJC_MSGSEND = YES;
				ENABLE_TESTABILITY = YES;
				GCC_C_LANGUAGE_STANDARD = gnu11;
				GCC_DYNAMIC_NO_PIC = NO;
				GCC_NO_COMMON_BLOCKS = YES;
				GCC_OPTIMIZATION_LEVEL = 0;
				GCC_PREPROCESSOR_DEFINITIONS = (
					"DEBUG=1",
					"$(inherited)",
				);
				GCC_WARN_64_TO_32_BIT_CONVERSION = YES;
				GCC_WARN_ABOUT_RETURN_TYPE = YES_ERROR;
				GCC_WARN_UNDECLARED_SELECTOR = YES;
				GCC_WARN_UNINITIALIZED_AUTOS = YES_AGGRESSIVE;
				GCC_WARN_UNUSED_FUNCTION = YES;
				GCC_WARN_UNUSED_VARIABLE = YES;
				IPHONEOS_DEPLOYMENT_TARGET = 15.4;
				MTL_ENABLE_DEBUG_INFO = INCLUDE_SOURCE;
				MTL_FAST_MATH = YES;
				ONLY_ACTIVE_ARCH = YES;
				SDKROOT = iphoneos;
				SWIFT_ACTIVE_COMPILATION_CONDITIONS = DEBUG;
				SWIFT_OPTIMIZATION_LEVEL = "-Onone";
			};
			name = Debug;
		};
		76E73E782932E72400CCCC86 /* Release */ = {
			isa = XCBuildConfiguration;
			buildSettings = {
				ALWAYS_SEARCH_USER_PATHS = NO;
				CLANG_ANALYZER_NONNULL = YES;
				CLANG_ANALYZER_NUMBER_OBJECT_CONVERSION = YES_AGGRESSIVE;
				CLANG_CXX_LANGUAGE_STANDARD = "gnu++17";
				CLANG_ENABLE_MODULES = YES;
				CLANG_ENABLE_OBJC_ARC = YES;
				CLANG_ENABLE_OBJC_WEAK = YES;
				CLANG_WARN_BLOCK_CAPTURE_AUTORELEASING = YES;
				CLANG_WARN_BOOL_CONVERSION = YES;
				CLANG_WARN_COMMA = YES;
				CLANG_WARN_CONSTANT_CONVERSION = YES;
				CLANG_WARN_DEPRECATED_OBJC_IMPLEMENTATIONS = YES;
				CLANG_WARN_DIRECT_OBJC_ISA_USAGE = YES_ERROR;
				CLANG_WARN_DOCUMENTATION_COMMENTS = YES;
				CLANG_WARN_EMPTY_BODY = YES;
				CLANG_WARN_ENUM_CONVERSION = YES;
				CLANG_WARN_INFINITE_RECURSION = YES;
				CLANG_WARN_INT_CONVERSION = YES;
				CLANG_WARN_NON_LITERAL_NULL_CONVERSION = YES;
				CLANG_WARN_OBJC_IMPLICIT_RETAIN_SELF = YES;
				CLANG_WARN_OBJC_LITERAL_CONVERSION = YES;
				CLANG_WARN_OBJC_ROOT_CLASS = YES_ERROR;
				CLANG_WARN_QUOTED_INCLUDE_IN_FRAMEWORK_HEADER = YES;
				CLANG_WARN_RANGE_LOOP_ANALYSIS = YES;
				CLANG_WARN_STRICT_PROTOTYPES = YES;
				CLANG_WARN_SUSPICIOUS_MOVE = YES;
				CLANG_WARN_UNGUARDED_AVAILABILITY = YES_AGGRESSIVE;
				CLANG_WARN_UNREACHABLE_CODE = YES;
				CLANG_WARN__DUPLICATE_METHOD_MATCH = YES;
				COPY_PHASE_STRIP = NO;
				DEBUG_INFORMATION_FORMAT = "dwarf-with-dsym";
				ENABLE_NS_ASSERTIONS = NO;
				ENABLE_STRICT_OBJC_MSGSEND = YES;
				GCC_C_LANGUAGE_STANDARD = gnu11;
				GCC_NO_COMMON_BLOCKS = YES;
				GCC_WARN_64_TO_32_BIT_CONVERSION = YES;
				GCC_WARN_ABOUT_RETURN_TYPE = YES_ERROR;
				GCC_WARN_UNDECLARED_SELECTOR = YES;
				GCC_WARN_UNINITIALIZED_AUTOS = YES_AGGRESSIVE;
				GCC_WARN_UNUSED_FUNCTION = YES;
				GCC_WARN_UNUSED_VARIABLE = YES;
				IPHONEOS_DEPLOYMENT_TARGET = 15.4;
				MTL_ENABLE_DEBUG_INFO = NO;
				MTL_FAST_MATH = YES;
				SDKROOT = iphoneos;
				SWIFT_COMPILATION_MODE = wholemodule;
				SWIFT_OPTIMIZATION_LEVEL = "-O";
				VALIDATE_PRODUCT = YES;
			};
			name = Release;
		};
		76E73E7A2932E72400CCCC86 /* Debug */ = {
			isa = XCBuildConfiguration;
			baseConfigurationReference = 3BC17C0EA613D791EC2C062C /* Pods-challenge-zemoga.debug.xcconfig */;
			buildSettings = {
				ASSETCATALOG_COMPILER_APPICON_NAME = AppIcon;
				ASSETCATALOG_COMPILER_GLOBAL_ACCENT_COLOR_NAME = AccentColor;
				CODE_SIGN_STYLE = Automatic;
				CURRENT_PROJECT_VERSION = 1;
				GENERATE_INFOPLIST_FILE = YES;
				INFOPLIST_FILE = "challenge-zemoga/Info.plist";
				INFOPLIST_KEY_UIApplicationSupportsIndirectInputEvents = YES;
				INFOPLIST_KEY_UILaunchStoryboardName = LaunchScreen;
				INFOPLIST_KEY_UIMainStoryboardFile = Main;
				INFOPLIST_KEY_UISupportedInterfaceOrientations_iPad = "UIInterfaceOrientationPortrait UIInterfaceOrientationPortraitUpsideDown UIInterfaceOrientationLandscapeLeft UIInterfaceOrientationLandscapeRight";
				INFOPLIST_KEY_UISupportedInterfaceOrientations_iPhone = "UIInterfaceOrientationPortrait UIInterfaceOrientationLandscapeLeft UIInterfaceOrientationLandscapeRight";
				LD_RUNPATH_SEARCH_PATHS = (
					"$(inherited)",
					"@executable_path/Frameworks",
				);
				MARKETING_VERSION = 1.0;
				PRODUCT_BUNDLE_IDENTIFIER = "com.iscrozo.challenge-zemoga";
				PRODUCT_NAME = "$(TARGET_NAME)";
				SWIFT_EMIT_LOC_STRINGS = YES;
				SWIFT_VERSION = 5.0;
				TARGETED_DEVICE_FAMILY = "1,2";
			};
			name = Debug;
		};
		76E73E7B2932E72400CCCC86 /* Release */ = {
			isa = XCBuildConfiguration;
			baseConfigurationReference = 69D09C33EB7DCC03A51C7351 /* Pods-challenge-zemoga.release.xcconfig */;
			buildSettings = {
				ASSETCATALOG_COMPILER_APPICON_NAME = AppIcon;
				ASSETCATALOG_COMPILER_GLOBAL_ACCENT_COLOR_NAME = AccentColor;
				CODE_SIGN_STYLE = Automatic;
				CURRENT_PROJECT_VERSION = 1;
				GENERATE_INFOPLIST_FILE = YES;
				INFOPLIST_FILE = "challenge-zemoga/Info.plist";
				INFOPLIST_KEY_UIApplicationSupportsIndirectInputEvents = YES;
				INFOPLIST_KEY_UILaunchStoryboardName = LaunchScreen;
				INFOPLIST_KEY_UIMainStoryboardFile = Main;
				INFOPLIST_KEY_UISupportedInterfaceOrientations_iPad = "UIInterfaceOrientationPortrait UIInterfaceOrientationPortraitUpsideDown UIInterfaceOrientationLandscapeLeft UIInterfaceOrientationLandscapeRight";
				INFOPLIST_KEY_UISupportedInterfaceOrientations_iPhone = "UIInterfaceOrientationPortrait UIInterfaceOrientationLandscapeLeft UIInterfaceOrientationLandscapeRight";
				LD_RUNPATH_SEARCH_PATHS = (
					"$(inherited)",
					"@executable_path/Frameworks",
				);
				MARKETING_VERSION = 1.0;
				PRODUCT_BUNDLE_IDENTIFIER = "com.iscrozo.challenge-zemoga";
				PRODUCT_NAME = "$(TARGET_NAME)";
				SWIFT_EMIT_LOC_STRINGS = YES;
				SWIFT_VERSION = 5.0;
				TARGETED_DEVICE_FAMILY = "1,2";
			};
			name = Release;
		};
/* End XCBuildConfiguration section */

/* Begin XCConfigurationList section */
		76E73E602932E72300CCCC86 /* Build configuration list for PBXProject "challenge-zemoga" */ = {
			isa = XCConfigurationList;
			buildConfigurations = (
				76E73E772932E72400CCCC86 /* Debug */,
				76E73E782932E72400CCCC86 /* Release */,
			);
			defaultConfigurationIsVisible = 0;
			defaultConfigurationName = Release;
		};
		76E73E792932E72400CCCC86 /* Build configuration list for PBXNativeTarget "challenge-zemoga" */ = {
			isa = XCConfigurationList;
			buildConfigurations = (
				76E73E7A2932E72400CCCC86 /* Debug */,
				76E73E7B2932E72400CCCC86 /* Release */,
			);
			defaultConfigurationIsVisible = 0;
			defaultConfigurationName = Release;
		};
/* End XCConfigurationList section */
	};
	rootObject = 76E73E5D2932E72300CCCC86 /* Project object */;
}
